
Microsoft Visual Studio Solution File, Format Version 12.00
# Visual Studio Version 16
VisualStudioVersion = 16.0.30907.101
MinimumVisualStudioVersion = 10.0.40219.1
Project("{FAE04EC0-301F-11D3-BF4B-00C04F79EFBC}") = "Program1", "Program1\Program1.csproj", "{F793BBA8-CF24-469D-8797-B0E84BF52A83}"
EndProject
Global
	GlobalSection(SolutionConfigurationPlatforms) = preSolution
		Debug|Any CPU = Debug|Any CPU
		Release|Any CPU = Release|Any CPU
	EndGlobalSection
	GlobalSection(ProjectConfigurationPlatforms) = postSolution
		{F793BBA8-CF24-469D-8797-B0E84BF52A83}.Debug|Any CPU.ActiveCfg = Debug|Any CPU
		{F793BBA8-CF24-469D-8797-B0E84BF52A83}.Debug|Any CPU.Build.0 = Debug|Any CPU
		{F793BBA8-CF24-469D-8797-B0E84BF52A83}.Release|Any CPU.ActiveCfg = Release|Any CPU
		{F793BBA8-CF24-469D-8797-B0E84BF52A83}.Release|Any CPU.Build.0 = Release|Any CPU
	EndGlobalSection
	GlobalSection(SolutionProperties) = preSolution
		HideSolutionNode = FALSE
	EndGlobalSection
	GlobalSection(ExtensibilityGlobals) = postSolution
		SolutionGuid = {598F0940-1C73-4F45-8BFA-2C55E0BC6A07}
	EndGlobalSection
EndGlobal
